
Microsoft Visual Studio Solution File, Format Version 12.00
# Visual Studio Version 17
VisualStudioVersion = 17.3.32811.315
MinimumVisualStudioVersion = 10.0.40219.1
Project("{FAE04EC0-301F-11D3-BF4B-00C04F79EFBC}") = "prueba2", "prueba2.csproj", "{DCBC75F2-A45B-47BF-8508-BB48A8B2F148}"
EndProject
Global
	GlobalSection(SolutionConfigurationPlatforms) = preSolution
		Debug|Any CPU = Debug|Any CPU
		Release|Any CPU = Release|Any CPU
	EndGlobalSection
	GlobalSection(ProjectConfigurationPlatforms) = postSolution
		{DCBC75F2-A45B-47BF-8508-BB48A8B2F148}.Debug|Any CPU.ActiveCfg = Debug|Any CPU
		{DCBC75F2-A45B-47BF-8508-BB48A8B2F148}.Debug|Any CPU.Build.0 = Debug|Any CPU
		{DCBC75F2-A45B-47BF-8508-BB48A8B2F148}.Release|Any CPU.ActiveCfg = Release|Any CPU
		{DCBC75F2-A45B-47BF-8508-BB48A8B2F148}.Release|Any CPU.Build.0 = Release|Any CPU
	EndGlobalSection
	GlobalSection(SolutionProperties) = preSolution
		HideSolutionNode = FALSE
	EndGlobalSection
	GlobalSection(ExtensibilityGlobals) = postSolution
		SolutionGuid = {5EA20C12-78D5-48C5-B888-BCDDC72BC291}
	EndGlobalSection
EndGlobal
